dependencies:
- name: minio
  repository: https://rh-ai-kickstart.github.io/ai-architecture-charts
  version: 0.1.0
- name: pgvector
  repository: https://rh-ai-kickstart.github.io/ai-architecture-charts
  version: 0.1.0
- name: mcp-weather
  repository: https://rh-ai-kickstart.github.io/ai-architecture-charts
  version: 0.1.0
- name: llm-service
  repository: https://rh-ai-kickstart.github.io/ai-architecture-charts
  version: 0.1.0
- name: llama-stack
  repository: https://rh-ai-kickstart.github.io/ai-architecture-charts
  version: 0.2.14
- name: configure-pipeline
  repository: https://rh-ai-kickstart.github.io/ai-architecture-charts
  version: 0.1.0
- name: ingestion-pipeline
  repository: https://rh-ai-kickstart.github.io/ai-architecture-charts
  version: 0.2.14
- name: mcp-dbstore
  repository: file://../mcp-dbstore
  version: 0.1.0
digest: sha256:46ce9b9df0e4b36c88e8686f9ea7a47499f9ef6322c44b66326f1bf22c987ede
generated: "2025-07-29T12:12:33.951053-04:00"
