dependencies:
- name: minio
  repository: https://rh-ai-quickstart.github.io/ai-architecture-charts
  version: 0.1.0
- name: pgvector
  repository: https://rh-ai-quickstart.github.io/ai-architecture-charts
  version: 0.1.0
- name: mcp-servers
  repository: file://../../../../ai-architecture-charts/mcp-servers/helm
  version: 0.1.0
- name: llm-service
  repository: https://rh-ai-quickstart.github.io/ai-architecture-charts
  version: 0.1.0
- name: llama-stack
  repository: https://rh-ai-quickstart.github.io/ai-architecture-charts
  version: 0.2.18
- name: configure-pipeline
  repository: https://rh-ai-quickstart.github.io/ai-architecture-charts
  version: 0.1.0
- name: ingestion-pipeline
  repository: https://rh-ai-quickstart.github.io/ai-architecture-charts
  version: 0.2.18
digest: sha256:0e74472e93c8738842585f6978785c8f5e7f2c12376c242cc5f9d61b8bef4f7c
generated: "2025-09-29T13:13:15.327403-04:00"
